
Microsoft Visual Studio Solution File, Format Version 12.00
# Visual Studio Version 17
VisualStudioVersion = 17.4.33103.184
MinimumVisualStudioVersion = 10.0.40219.1
Project("{FAE04EC0-301F-11D3-BF4B-00C04F79EFBC}") = "DemoProject", "DemoProject\DemoProject.csproj", "{BD77FDF3-2F9B-4BFE-A9EB-637D1B94C471}"
EndProject
Global
	GlobalSection(SolutionConfigurationPlatforms) = preSolution
		Debug|Any CPU = Debug|Any CPU
		Release|Any CPU = Release|Any CPU
	EndGlobalSection
	GlobalSection(ProjectConfigurationPlatforms) = postSolution
		{BD77FDF3-2F9B-4BFE-A9EB-637D1B94C471}.Debug|Any CPU.ActiveCfg = Debug|Any CPU
		{BD77FDF3-2F9B-4BFE-A9EB-637D1B94C471}.Debug|Any CPU.Build.0 = Debug|Any CPU
		{BD77FDF3-2F9B-4BFE-A9EB-637D1B94C471}.Release|Any CPU.ActiveCfg = Release|Any CPU
		{BD77FDF3-2F9B-4BFE-A9EB-637D1B94C471}.Release|Any CPU.Build.0 = Release|Any CPU
	EndGlobalSection
	GlobalSection(SolutionProperties) = preSolution
		HideSolutionNode = FALSE
	EndGlobalSection
	GlobalSection(ExtensibilityGlobals) = postSolution
		SolutionGuid = {C9AFD8CA-DD92-4E83-B714-ADF567252409}
	EndGlobalSection
EndGlobal
