
Microsoft Visual Studio Solution File, Format Version 12.00
# Visual Studio Version 17
VisualStudioVersion = 17.4.33103.184
MinimumVisualStudioVersion = 10.0.40219.1
Project("{FAE04EC0-301F-11D3-BF4B-00C04F79EFBC}") = "MinimalAPICheatsheet", "MinimalAPICheatsheet\MinimalAPICheatsheet.csproj", "{CFB3FF48-DF80-4133-8E17-32EB03BB0AB7}"
EndProject
Global
	GlobalSection(SolutionConfigurationPlatforms) = preSolution
		Debug|Any CPU = Debug|Any CPU
		Release|Any CPU = Release|Any CPU
	EndGlobalSection
	GlobalSection(ProjectConfigurationPlatforms) = postSolution
		{CFB3FF48-DF80-4133-8E17-32EB03BB0AB7}.Debug|Any CPU.ActiveCfg = Debug|Any CPU
		{CFB3FF48-DF80-4133-8E17-32EB03BB0AB7}.Debug|Any CPU.Build.0 = Debug|Any CPU
		{CFB3FF48-DF80-4133-8E17-32EB03BB0AB7}.Release|Any CPU.ActiveCfg = Release|Any CPU
		{CFB3FF48-DF80-4133-8E17-32EB03BB0AB7}.Release|Any CPU.Build.0 = Release|Any CPU
	EndGlobalSection
	GlobalSection(SolutionProperties) = preSolution
		HideSolutionNode = FALSE
	EndGlobalSection
	GlobalSection(ExtensibilityGlobals) = postSolution
		SolutionGuid = {C376FA2A-EDBA-4FE1-89C0-01D2B141752B}
	EndGlobalSection
EndGlobal
